
Microsoft Visual Studio Solution File, Format Version 12.00
# Visual Studio Version 17
VisualStudioVersion = 17.0.32014.148
MinimumVisualStudioVersion = 10.0.40219.1
Project("{9A19103F-16F7-4668-BE54-9A1E7A4F7556}") = "TopicFramework", "TopicFramework\TopicFramework.csproj", "{70D6C215-7149-4444-881C-F1E4583620D6}"
EndProject
Project("{9A19103F-16F7-4668-BE54-9A1E7A4F7556}") = "Test", "Test\Test.csproj", "{0F270790-DB9F-45C6-B187-CB00D5FD15DC}"
EndProject
Project("{2150E333-8FDC-42A3-9474-1A3956D46DE8}") = "Exsamples", "Exsamples", "{0FB325FB-DA12-4A82-A5CC-1CDC54640390}"
EndProject
Project("{2150E333-8FDC-42A3-9474-1A3956D46DE8}") = "Extensions", "Extensions", "{1741B4AB-2C24-4E13-AEB9-7FACBEF21697}"
EndProject
Project("{9A19103F-16F7-4668-BE54-9A1E7A4F7556}") = "TopicFramework.RabbitMQ", "TopicFramework.RabbitMQ\TopicFramework.RabbitMQ.csproj", "{648C6055-9B05-4938-91C3-0AE810C31E6A}"
EndProject
Project("{2150E333-8FDC-42A3-9474-1A3956D46DE8}") = "Solution Items", "Solution Items", "{839AB387-12E6-4E50-8F05-D4F7F5E22F25}"
	ProjectSection(SolutionItems) = preProject
		Readme.md = Readme.md
	EndProjectSection
EndProject
Project("{FAE04EC0-301F-11D3-BF4B-00C04F79EFBC}") = "RabbitMqExample", "RabbitMqExample\RabbitMqExample.csproj", "{F14B291F-CFE9-4BFB-86EF-30E3A3BCBA99}"
EndProject
Global
	GlobalSection(SolutionConfigurationPlatforms) = preSolution
		Debug|Any CPU = Debug|Any CPU
		Release|Any CPU = Release|Any CPU
	EndGlobalSection
	GlobalSection(ProjectConfigurationPlatforms) = postSolution
		{70D6C215-7149-4444-881C-F1E4583620D6}.Debug|Any CPU.ActiveCfg = Debug|Any CPU
		{70D6C215-7149-4444-881C-F1E4583620D6}.Debug|Any CPU.Build.0 = Debug|Any CPU
		{70D6C215-7149-4444-881C-F1E4583620D6}.Release|Any CPU.ActiveCfg = Release|Any CPU
		{70D6C215-7149-4444-881C-F1E4583620D6}.Release|Any CPU.Build.0 = Release|Any CPU
		{0F270790-DB9F-45C6-B187-CB00D5FD15DC}.Debug|Any CPU.ActiveCfg = Debug|Any CPU
		{0F270790-DB9F-45C6-B187-CB00D5FD15DC}.Debug|Any CPU.Build.0 = Debug|Any CPU
		{0F270790-DB9F-45C6-B187-CB00D5FD15DC}.Release|Any CPU.ActiveCfg = Release|Any CPU
		{0F270790-DB9F-45C6-B187-CB00D5FD15DC}.Release|Any CPU.Build.0 = Release|Any CPU
		{648C6055-9B05-4938-91C3-0AE810C31E6A}.Debug|Any CPU.ActiveCfg = Debug|Any CPU
		{648C6055-9B05-4938-91C3-0AE810C31E6A}.Debug|Any CPU.Build.0 = Debug|Any CPU
		{648C6055-9B05-4938-91C3-0AE810C31E6A}.Release|Any CPU.ActiveCfg = Release|Any CPU
		{648C6055-9B05-4938-91C3-0AE810C31E6A}.Release|Any CPU.Build.0 = Release|Any CPU
		{F14B291F-CFE9-4BFB-86EF-30E3A3BCBA99}.Debug|Any CPU.ActiveCfg = Debug|Any CPU
		{F14B291F-CFE9-4BFB-86EF-30E3A3BCBA99}.Debug|Any CPU.Build.0 = Debug|Any CPU
		{F14B291F-CFE9-4BFB-86EF-30E3A3BCBA99}.Release|Any CPU.ActiveCfg = Release|Any CPU
		{F14B291F-CFE9-4BFB-86EF-30E3A3BCBA99}.Release|Any CPU.Build.0 = Release|Any CPU
	EndGlobalSection
	GlobalSection(SolutionProperties) = preSolution
		HideSolutionNode = FALSE
	EndGlobalSection
	GlobalSection(NestedProjects) = preSolution
		{648C6055-9B05-4938-91C3-0AE810C31E6A} = {1741B4AB-2C24-4E13-AEB9-7FACBEF21697}
		{F14B291F-CFE9-4BFB-86EF-30E3A3BCBA99} = {0FB325FB-DA12-4A82-A5CC-1CDC54640390}
	EndGlobalSection
	GlobalSection(ExtensibilityGlobals) = postSolution
		SolutionGuid = {54ABA3AF-2755-4B14-A984-12AC40DDB17A}
	EndGlobalSection
EndGlobal
